{
  "lockfile_version": "1",
  "packages": {
    "go@1.23": {
      "last_modified": "2024-11-03T14:18:04Z",
      "resolved": "github:NixOS/nixpkgs/4ae2e647537bcdbb82265469442713d066675275#go",
      "source": "devbox-search",
      "version": "1.23.2",
      "systems": {
        "aarch64-darwin": {
          "outputs": [
            {
              "name": "out",
              "path": "/nix/store/sc8n76lwg70fxcwnkxhqqfvfpvclqijy-go-1.23.2",
              "default": true
            }
          ],
          "store_path": "/nix/store/sc8n76lwg70fxcwnkxhqqfvfpvclqijy-go-1.23.2"
        },
        "aarch64-linux": {
          "outputs": [
            {
              "name": "out",
              "path": "/nix/store/hrhmssn2q67hlc2f43xxwk02h9kqbzhw-go-1.23.2",
              "default": true
            }
          ],
          "store_path": "/nix/store/hrhmssn2q67hlc2f43xxwk02h9kqbzhw-go-1.23.2"
        },
        "x86_64-darwin": {
          "outputs": [
            {
              "name": "out",
              "path": "/nix/store/akm89yc1ysajwi50glv4jmw2k80g8xdj-go-1.23.2",
              "default": true
            }
          ],
          "store_path": "/nix/store/akm89yc1ysajwi50glv4jmw2k80g8xdj-go-1.23.2"
        },
        "x86_64-linux": {
          "outputs": [
            {
              "name": "out",
              "path": "/nix/store/jyhpd4hgq672bm4m4s1r25zm1bx8vd44-go-1.23.2",
              "default": true
            }
          ],
          "store_path": "/nix/store/jyhpd4hgq672bm4m4s1r25zm1bx8vd44-go-1.23.2"
        }
      }
    },
    "golangci-lint@latest": {
      "last_modified": "2024-11-16T04:25:12Z",
      "resolved": "github:NixOS/nixpkgs/34a626458d686f1b58139620a8b2793e9e123bba#golangci-lint",
      "source": "devbox-search",
      "version": "1.62.0",
      "systems": {
        "aarch64-darwin": {
          "outputs": [
            {
              "name": "out",
              "path": "/nix/store/3n3m7z2y3wsgsd69r551jqqc1zrq8lwj-golangci-lint-1.62.0",
              "default": true
            }
          ],
          "store_path": "/nix/store/3n3m7z2y3wsgsd69r551jqqc1zrq8lwj-golangci-lint-1.62.0"
        },
        "aarch64-linux": {
          "outputs": [
            {
              "name": "out",
              "path": "/nix/store/kcp7197947lansarn4x4ddnyh8m7hw0z-golangci-lint-1.62.0",
              "default": true
            }
          ],
          "store_path": "/nix/store/kcp7197947lansarn4x4ddnyh8m7hw0z-golangci-lint-1.62.0"
        },
        "x86_64-darwin": {
          "outputs": [
            {
              "name": "out",
              "path": "/nix/store/ymg3531fpln5b8bfwnf9gq7c1sr81f2y-golangci-lint-1.62.0",
              "default": true
            }
          ],
          "store_path": "/nix/store/ymg3531fpln5b8bfwnf9gq7c1sr81f2y-golangci-lint-1.62.0"
        },
        "x86_64-linux": {
          "outputs": [
            {
              "name": "out",
              "path": "/nix/store/3vzfj43k05qsxdhiphw60j3gfvv6yhak-golangci-lint-1.62.0",
              "default": true
            }
          ],
          "store_path": "/nix/store/3vzfj43k05qsxdhiphw60j3gfvv6yhak-golangci-lint-1.62.0"
        }
      }
    }
  }
}
