{
  "lockfile_version": "1",
  "packages": {
    "go@1.23": {
      "last_modified": "2024-11-28T07:51:56Z",
      "resolved": "github:NixOS/nixpkgs/226216574ada4c3ecefcbbec41f39ce4655f78ef#go",
      "source": "devbox-search",
      "version": "1.23.3",
      "systems": {
        "aarch64-darwin": {
          "outputs": [
            {
              "name": "out",
              "path": "/nix/store/qrj2wp6vzfpjfrrlcmr22818zg83fb73-go-1.23.3",
              "default": true
            }
          ],
          "store_path": "/nix/store/qrj2wp6vzfpjfrrlcmr22818zg83fb73-go-1.23.3"
        },
        "aarch64-linux": {
          "outputs": [
            {
              "name": "out",
              "path": "/nix/store/dm66qyl19skrwcmk4rb9xcs64xc1d071-go-1.23.3",
              "default": true
            }
          ],
          "store_path": "/nix/store/dm66qyl19skrwcmk4rb9xcs64xc1d071-go-1.23.3"
        },
        "x86_64-darwin": {
          "outputs": [
            {
              "name": "out",
              "path": "/nix/store/vkjn6njpz4gy5ma763vh8hh93bgjwycr-go-1.23.3",
              "default": true
            }
          ],
          "store_path": "/nix/store/vkjn6njpz4gy5ma763vh8hh93bgjwycr-go-1.23.3"
        },
        "x86_64-linux": {
          "outputs": [
            {
              "name": "out",
              "path": "/nix/store/bavnchxi7v6xs077jxv7fl5rrqc3y87w-go-1.23.3",
              "default": true
            }
          ],
          "store_path": "/nix/store/bavnchxi7v6xs077jxv7fl5rrqc3y87w-go-1.23.3"
        }
      }
    },
    "golangci-lint@1.62": {
      "last_modified": "2024-11-28T07:51:56Z",
      "resolved": "github:NixOS/nixpkgs/226216574ada4c3ecefcbbec41f39ce4655f78ef#golangci-lint",
      "source": "devbox-search",
      "version": "1.62.2",
      "systems": {
        "aarch64-darwin": {
          "outputs": [
            {
              "name": "out",
              "path": "/nix/store/yp07jnqgrbnvdibqz1m2i1fgj30vhd2b-golangci-lint-1.62.2",
              "default": true
            }
          ],
          "store_path": "/nix/store/yp07jnqgrbnvdibqz1m2i1fgj30vhd2b-golangci-lint-1.62.2"
        },
        "aarch64-linux": {
          "outputs": [
            {
              "name": "out",
              "path": "/nix/store/77qnd3ix2nrb8f5vppnv1pfd35h4vz04-golangci-lint-1.62.2",
              "default": true
            }
          ],
          "store_path": "/nix/store/77qnd3ix2nrb8f5vppnv1pfd35h4vz04-golangci-lint-1.62.2"
        },
        "x86_64-darwin": {
          "outputs": [
            {
              "name": "out",
              "path": "/nix/store/ri36lilgaf8d4z2r96xfsk33162zrvwy-golangci-lint-1.62.2",
              "default": true
            }
          ],
          "store_path": "/nix/store/ri36lilgaf8d4z2r96xfsk33162zrvwy-golangci-lint-1.62.2"
        },
        "x86_64-linux": {
          "outputs": [
            {
              "name": "out",
              "path": "/nix/store/gr55w2x6wrzdvhhbzm4wc28cs4k7g7vr-golangci-lint-1.62.2",
              "default": true
            }
          ],
          "store_path": "/nix/store/gr55w2x6wrzdvhhbzm4wc28cs4k7g7vr-golangci-lint-1.62.2"
        }
      }
    },
    "sqlc@1.27": {
      "last_modified": "2024-11-28T07:51:56Z",
      "resolved": "github:NixOS/nixpkgs/226216574ada4c3ecefcbbec41f39ce4655f78ef#sqlc",
      "source": "devbox-search",
      "version": "1.27.0",
      "systems": {
        "aarch64-darwin": {
          "outputs": [
            {
              "name": "out",
              "path": "/nix/store/nv7n7v77blj22ycymjxr7nbr26gdhfqb-sqlc-1.27.0",
              "default": true
            }
          ],
          "store_path": "/nix/store/nv7n7v77blj22ycymjxr7nbr26gdhfqb-sqlc-1.27.0"
        },
        "aarch64-linux": {
          "outputs": [
            {
              "name": "out",
              "path": "/nix/store/3xklmmk7x08yr31k3wa0hks890sz98r9-sqlc-1.27.0",
              "default": true
            }
          ],
          "store_path": "/nix/store/3xklmmk7x08yr31k3wa0hks890sz98r9-sqlc-1.27.0"
        },
        "x86_64-darwin": {
          "outputs": [
            {
              "name": "out",
              "path": "/nix/store/8qhdd418krfkrmczn959m5hv9184b9yb-sqlc-1.27.0",
              "default": true
            }
          ],
          "store_path": "/nix/store/8qhdd418krfkrmczn959m5hv9184b9yb-sqlc-1.27.0"
        },
        "x86_64-linux": {
          "outputs": [
            {
              "name": "out",
              "path": "/nix/store/6mcdgk9rg9g4kia87jjv25h90b2n9r62-sqlc-1.27.0",
              "default": true
            }
          ],
          "store_path": "/nix/store/6mcdgk9rg9g4kia87jjv25h90b2n9r62-sqlc-1.27.0"
        }
      }
    }
  }
}
